
Microsoft Visual Studio Solution File, Format Version 12.00
# Visual Studio Version 17
VisualStudioVersion = 17.5.33516.290
MinimumVisualStudioVersion = 10.0.40219.1
Project("{9A19103F-16F7-4668-BE54-9A1E7A4F7556}") = "GazetteRESTAPI", "GazetteRESTAPI\GazetteRESTAPI.csproj", "{BC592579-F1DB-4F38-B002-E3B8B16DCB96}"
EndProject
Project("{FAE04EC0-301F-11D3-BF4B-00C04F79EFBC}") = "EntryTestProject", "EntryTestProject\EntryTestProject.csproj", "{748ECED6-7D2C-496E-B564-BB1741920862}"
EndProject
Global
	GlobalSection(SolutionConfigurationPlatforms) = preSolution
		Debug|Any CPU = Debug|Any CPU
		Release|Any CPU = Release|Any CPU
	EndGlobalSection
	GlobalSection(ProjectConfigurationPlatforms) = postSolution
		{BC592579-F1DB-4F38-B002-E3B8B16DCB96}.Debug|Any CPU.ActiveCfg = Debug|Any CPU
		{BC592579-F1DB-4F38-B002-E3B8B16DCB96}.Debug|Any CPU.Build.0 = Debug|Any CPU
		{BC592579-F1DB-4F38-B002-E3B8B16DCB96}.Release|Any CPU.ActiveCfg = Release|Any CPU
		{BC592579-F1DB-4F38-B002-E3B8B16DCB96}.Release|Any CPU.Build.0 = Release|Any CPU
		{748ECED6-7D2C-496E-B564-BB1741920862}.Debug|Any CPU.ActiveCfg = Debug|Any CPU
		{748ECED6-7D2C-496E-B564-BB1741920862}.Debug|Any CPU.Build.0 = Debug|Any CPU
		{748ECED6-7D2C-496E-B564-BB1741920862}.Release|Any CPU.ActiveCfg = Release|Any CPU
		{748ECED6-7D2C-496E-B564-BB1741920862}.Release|Any CPU.Build.0 = Release|Any CPU
	EndGlobalSection
	GlobalSection(SolutionProperties) = preSolution
		HideSolutionNode = FALSE
	EndGlobalSection
	GlobalSection(ExtensibilityGlobals) = postSolution
		SolutionGuid = {BC0E1CCB-C734-441E-946E-4240FDF7412C}
	EndGlobalSection
EndGlobal
